
Microsoft Visual Studio Solution File, Format Version 12.00
# Visual Studio Version 17
VisualStudioVersion = 17.0.31903.59
MinimumVisualStudioVersion = 10.0.40219.1
Project("{2150E333-8FDC-42A3-9474-1A3956D46DE8}") = "src", "src", "{827E0CD3-B72D-47B6-A68D-7590B98EB39B}"
EndProject
Project("{FAE04EC0-301F-11D3-BF4B-00C04F79EFBC}") = "Amora.Domain", "src\Amora.Domain\Amora.Domain.csproj", "{CFAA0689-A7D7-4DBE-BADE-CA3F1481F2EC}"
EndProject
Project("{FAE04EC0-301F-11D3-BF4B-00C04F79EFBC}") = "Amora.Application", "src\Amora.Application\Amora.Application.csproj", "{7699844F-247E-4B44-A963-F30B053D1019}"
EndProject
Project("{FAE04EC0-301F-11D3-BF4B-00C04F79EFBC}") = "Amora.Infrastructure", "src\Amora.Infrastructure\Amora.Infrastructure.csproj", "{253029BB-63DA-4DE7-B268-9F57E0335E3D}"
EndProject
Project("{FAE04EC0-301F-11D3-BF4B-00C04F79EFBC}") = "Amora.Api", "src\Amora.Api\Amora.Api.csproj", "{36FE3BC8-DF70-4C84-92F0-DFC165BF2016}"
EndProject
Project("{2150E333-8FDC-42A3-9474-1A3956D46DE8}") = "tests", "tests", "{0AB3BF05-4346-4AA6-1389-037BE0695223}"
EndProject
Project("{FAE04EC0-301F-11D3-BF4B-00C04F79EFBC}") = "Amora.Application.Tests", "tests\Amora.Application.Tests\Amora.Application.Tests.csproj", "{4C637098-AE04-462A-A14D-466181CC3B79}"
EndProject
Global
	GlobalSection(SolutionConfigurationPlatforms) = preSolution
		Debug|Any CPU = Debug|Any CPU
		Debug|x64 = Debug|x64
		Debug|x86 = Debug|x86
		Release|Any CPU = Release|Any CPU
		Release|x64 = Release|x64
		Release|x86 = Release|x86
	EndGlobalSection
	GlobalSection(ProjectConfigurationPlatforms) = postSolution
		{CFAA0689-A7D7-4DBE-BADE-CA3F1481F2EC}.Debug|Any CPU.ActiveCfg = Debug|Any CPU
		{CFAA0689-A7D7-4DBE-BADE-CA3F1481F2EC}.Debug|Any CPU.Build.0 = Debug|Any CPU
		{CFAA0689-A7D7-4DBE-BADE-CA3F1481F2EC}.Debug|x64.ActiveCfg = Debug|Any CPU
		{CFAA0689-A7D7-4DBE-BADE-CA3F1481F2EC}.Debug|x64.Build.0 = Debug|Any CPU
		{CFAA0689-A7D7-4DBE-BADE-CA3F1481F2EC}.Debug|x86.ActiveCfg = Debug|Any CPU
		{CFAA0689-A7D7-4DBE-BADE-CA3F1481F2EC}.Debug|x86.Build.0 = Debug|Any CPU
		{CFAA0689-A7D7-4DBE-BADE-CA3F1481F2EC}.Release|Any CPU.ActiveCfg = Release|Any CPU
		{CFAA0689-A7D7-4DBE-BADE-CA3F1481F2EC}.Release|Any CPU.Build.0 = Release|Any CPU
		{CFAA0689-A7D7-4DBE-BADE-CA3F1481F2EC}.Release|x64.ActiveCfg = Release|Any CPU
		{CFAA0689-A7D7-4DBE-BADE-CA3F1481F2EC}.Release|x64.Build.0 = Release|Any CPU
		{CFAA0689-A7D7-4DBE-BADE-CA3F1481F2EC}.Release|x86.ActiveCfg = Release|Any CPU
		{CFAA0689-A7D7-4DBE-BADE-CA3F1481F2EC}.Release|x86.Build.0 = Release|Any CPU
		{7699844F-247E-4B44-A963-F30B053D1019}.Debug|Any CPU.ActiveCfg = Debug|Any CPU
		{7699844F-247E-4B44-A963-F30B053D1019}.Debug|Any CPU.Build.0 = Debug|Any CPU
		{7699844F-247E-4B44-A963-F30B053D1019}.Debug|x64.ActiveCfg = Debug|Any CPU
		{7699844F-247E-4B44-A963-F30B053D1019}.Debug|x64.Build.0 = Debug|Any CPU
		{7699844F-247E-4B44-A963-F30B053D1019}.Debug|x86.ActiveCfg = Debug|Any CPU
		{7699844F-247E-4B44-A963-F30B053D1019}.Debug|x86.Build.0 = Debug|Any CPU
		{7699844F-247E-4B44-A963-F30B053D1019}.Release|Any CPU.ActiveCfg = Release|Any CPU
		{7699844F-247E-4B44-A963-F30B053D1019}.Release|Any CPU.Build.0 = Release|Any CPU
		{7699844F-247E-4B44-A963-F30B053D1019}.Release|x64.ActiveCfg = Release|Any CPU
		{7699844F-247E-4B44-A963-F30B053D1019}.Release|x64.Build.0 = Release|Any CPU
		{7699844F-247E-4B44-A963-F30B053D1019}.Release|x86.ActiveCfg = Release|Any CPU
		{7699844F-247E-4B44-A963-F30B053D1019}.Release|x86.Build.0 = Release|Any CPU
		{253029BB-63DA-4DE7-B268-9F57E0335E3D}.Debug|Any CPU.ActiveCfg = Debug|Any CPU
		{253029BB-63DA-4DE7-B268-9F57E0335E3D}.Debug|Any CPU.Build.0 = Debug|Any CPU
		{253029BB-63DA-4DE7-B268-9F57E0335E3D}.Debug|x64.ActiveCfg = Debug|Any CPU
		{253029BB-63DA-4DE7-B268-9F57E0335E3D}.Debug|x64.Build.0 = Debug|Any CPU
		{253029BB-63DA-4DE7-B268-9F57E0335E3D}.Debug|x86.ActiveCfg = Debug|Any CPU
		{253029BB-63DA-4DE7-B268-9F57E0335E3D}.Debug|x86.Build.0 = Debug|Any CPU
		{253029BB-63DA-4DE7-B268-9F57E0335E3D}.Release|Any CPU.ActiveCfg = Release|Any CPU
		{253029BB-63DA-4DE7-B268-9F57E0335E3D}.Release|Any CPU.Build.0 = Release|Any CPU
		{253029BB-63DA-4DE7-B268-9F57E0335E3D}.Release|x64.ActiveCfg = Release|Any CPU
		{253029BB-63DA-4DE7-B268-9F57E0335E3D}.Release|x64.Build.0 = Release|Any CPU
		{253029BB-63DA-4DE7-B268-9F57E0335E3D}.Release|x86.ActiveCfg = Release|Any CPU
		{253029BB-63DA-4DE7-B268-9F57E0335E3D}.Release|x86.Build.0 = Release|Any CPU
		{36FE3BC8-DF70-4C84-92F0-DFC165BF2016}.Debug|Any CPU.ActiveCfg = Debug|Any CPU
		{36FE3BC8-DF70-4C84-92F0-DFC165BF2016}.Debug|Any CPU.Build.0 = Debug|Any CPU
		{36FE3BC8-DF70-4C84-92F0-DFC165BF2016}.Debug|x64.ActiveCfg = Debug|Any CPU
		{36FE3BC8-DF70-4C84-92F0-DFC165BF2016}.Debug|x64.Build.0 = Debug|Any CPU
		{36FE3BC8-DF70-4C84-92F0-DFC165BF2016}.Debug|x86.ActiveCfg = Debug|Any CPU
		{36FE3BC8-DF70-4C84-92F0-DFC165BF2016}.Debug|x86.Build.0 = Debug|Any CPU
		{36FE3BC8-DF70-4C84-92F0-DFC165BF2016}.Release|Any CPU.ActiveCfg = Release|Any CPU
		{36FE3BC8-DF70-4C84-92F0-DFC165BF2016}.Release|Any CPU.Build.0 = Release|Any CPU
		{36FE3BC8-DF70-4C84-92F0-DFC165BF2016}.Release|x64.ActiveCfg = Release|Any CPU
		{36FE3BC8-DF70-4C84-92F0-DFC165BF2016}.Release|x64.Build.0 = Release|Any CPU
		{36FE3BC8-DF70-4C84-92F0-DFC165BF2016}.Release|x86.ActiveCfg = Release|Any CPU
		{36FE3BC8-DF70-4C84-92F0-DFC165BF2016}.Release|x86.Build.0 = Release|Any CPU
		{4C637098-AE04-462A-A14D-466181CC3B79}.Debug|Any CPU.ActiveCfg = Debug|Any CPU
		{4C637098-AE04-462A-A14D-466181CC3B79}.Debug|Any CPU.Build.0 = Debug|Any CPU
		{4C637098-AE04-462A-A14D-466181CC3B79}.Debug|x64.ActiveCfg = Debug|Any CPU
		{4C637098-AE04-462A-A14D-466181CC3B79}.Debug|x64.Build.0 = Debug|Any CPU
		{4C637098-AE04-462A-A14D-466181CC3B79}.Debug|x86.ActiveCfg = Debug|Any CPU
		{4C637098-AE04-462A-A14D-466181CC3B79}.Debug|x86.Build.0 = Debug|Any CPU
		{4C637098-AE04-462A-A14D-466181CC3B79}.Release|Any CPU.ActiveCfg = Release|Any CPU
		{4C637098-AE04-462A-A14D-466181CC3B79}.Release|Any CPU.Build.0 = Release|Any CPU
		{4C637098-AE04-462A-A14D-466181CC3B79}.Release|x64.ActiveCfg = Release|Any CPU
		{4C637098-AE04-462A-A14D-466181CC3B79}.Release|x64.Build.0 = Release|Any CPU
		{4C637098-AE04-462A-A14D-466181CC3B79}.Release|x86.ActiveCfg = Release|Any CPU
		{4C637098-AE04-462A-A14D-466181CC3B79}.Release|x86.Build.0 = Release|Any CPU
	EndGlobalSection
	GlobalSection(SolutionProperties) = preSolution
		HideSolutionNode = FALSE
	EndGlobalSection
	GlobalSection(NestedProjects) = preSolution
		{CFAA0689-A7D7-4DBE-BADE-CA3F1481F2EC} = {827E0CD3-B72D-47B6-A68D-7590B98EB39B}
		{7699844F-247E-4B44-A963-F30B053D1019} = {827E0CD3-B72D-47B6-A68D-7590B98EB39B}
		{253029BB-63DA-4DE7-B268-9F57E0335E3D} = {827E0CD3-B72D-47B6-A68D-7590B98EB39B}
		{36FE3BC8-DF70-4C84-92F0-DFC165BF2016} = {827E0CD3-B72D-47B6-A68D-7590B98EB39B}
		{4C637098-AE04-462A-A14D-466181CC3B79} = {0AB3BF05-4346-4AA6-1389-037BE0695223}
	EndGlobalSection
EndGlobal
